
Microsoft Visual Studio Solution File, Format Version 12.00
# Visual Studio 2013
VisualStudioVersion = 12.0.30324.0
MinimumVisualStudioVersion = 10.0.40219.1
Project("{FAE04EC0-301F-11D3-BF4B-00C04F79EFBC}") = "JMS.TV.Core", "JMS.TV.Core\JMS.TV.Core.csproj", "{8911CA26-C985-40B2-B8AF-3DF851F07569}"
EndProject
Project("{FAE04EC0-301F-11D3-BF4B-00C04F79EFBC}") = "JMS.TV.Core.UnitTests", "JMS.TV.Core.UnitTests\JMS.TV.Core.UnitTests.csproj", "{9F2A6B0C-4825-4E7B-9225-2F9F34175B99}"
EndProject
Global
	GlobalSection(SolutionConfigurationPlatforms) = preSolution
		Debug|Any CPU = Debug|Any CPU
		Release|Any CPU = Release|Any CPU
	EndGlobalSection
	GlobalSection(ProjectConfigurationPlatforms) = postSolution
		{8911CA26-C985-40B2-B8AF-3DF851F07569}.Debug|Any CPU.ActiveCfg = Debug|Any CPU
		{8911CA26-C985-40B2-B8AF-3DF851F07569}.Debug|Any CPU.Build.0 = Debug|Any CPU
		{8911CA26-C985-40B2-B8AF-3DF851F07569}.Release|Any CPU.ActiveCfg = Release|Any CPU
		{8911CA26-C985-40B2-B8AF-3DF851F07569}.Release|Any CPU.Build.0 = Release|Any CPU
		{9F2A6B0C-4825-4E7B-9225-2F9F34175B99}.Debug|Any CPU.ActiveCfg = Debug|Any CPU
		{9F2A6B0C-4825-4E7B-9225-2F9F34175B99}.Debug|Any CPU.Build.0 = Debug|Any CPU
		{9F2A6B0C-4825-4E7B-9225-2F9F34175B99}.Release|Any CPU.ActiveCfg = Release|Any CPU
		{9F2A6B0C-4825-4E7B-9225-2F9F34175B99}.Release|Any CPU.Build.0 = Release|Any CPU
	EndGlobalSection
	GlobalSection(SolutionProperties) = preSolution
		HideSolutionNode = FALSE
	EndGlobalSection
EndGlobal
