
Microsoft Visual Studio Solution File, Format Version 12.00
# Visual Studio 2012
Project("{FAE04EC0-301F-11D3-BF4B-00C04F79EFBC}") = "JMS.DVB.CardServerCore", "..\..\Card Server\CardServerCore\JMS.DVB.CardServerCore.csproj", "{FFAB1C54-9C74-4BCF-8306-86F796B1DEB6}"
EndProject
Project("{FAE04EC0-301F-11D3-BF4B-00C04F79EFBC}") = "JMS.DVB.CardServer", "..\..\Card Server\CardServer\JMS.DVB.CardServer.csproj", "{1BA89BB6-A869-491A-9C2C-6E51F9145479}"
	ProjectSection(ProjectDependencies) = postProject
		{FFAB1C54-9C74-4BCF-8306-86F796B1DEB6} = {FFAB1C54-9C74-4BCF-8306-86F796B1DEB6}
	EndProjectSection
EndProject
Project("{FAE04EC0-301F-11D3-BF4B-00C04F79EFBC}") = "CardServerTester", "..\..\Card Server\Test Application\CardServerTester.csproj", "{DC463C7E-4879-402D-B12A-2AA3B22927EF}"
	ProjectSection(ProjectDependencies) = postProject
		{FFAB1C54-9C74-4BCF-8306-86F796B1DEB6} = {FFAB1C54-9C74-4BCF-8306-86F796B1DEB6}
	EndProjectSection
EndProject
Project("{930C7802-8A8C-48F9-8165-68863BCCD9DD}") = "CardServerSetup", ".\CardServerSetup.wixproj", "{CAF56487-8936-4AD7-8CF8-291AFEEDEE0A}"
EndProject
Global
	GlobalSection(SolutionConfigurationPlatforms) = preSolution
		Debug|Any CPU = Debug|Any CPU
		Debug|Mixed Platforms = Debug|Mixed Platforms
		Debug|x86 = Debug|x86
		Release|Any CPU = Release|Any CPU
		Release|Mixed Platforms = Release|Mixed Platforms
		Release|x86 = Release|x86
	EndGlobalSection
	GlobalSection(ProjectConfigurationPlatforms) = postSolution
		{FFAB1C54-9C74-4BCF-8306-86F796B1DEB6}.Debug|Any CPU.ActiveCfg = Debug|Any CPU
		{FFAB1C54-9C74-4BCF-8306-86F796B1DEB6}.Debug|Any CPU.Build.0 = Debug|Any CPU
		{FFAB1C54-9C74-4BCF-8306-86F796B1DEB6}.Debug|Mixed Platforms.ActiveCfg = Debug|Any CPU
		{FFAB1C54-9C74-4BCF-8306-86F796B1DEB6}.Debug|Mixed Platforms.Build.0 = Debug|Any CPU
		{FFAB1C54-9C74-4BCF-8306-86F796B1DEB6}.Debug|x86.ActiveCfg = Debug|Any CPU
		{FFAB1C54-9C74-4BCF-8306-86F796B1DEB6}.Release|Any CPU.ActiveCfg = Release|Any CPU
		{FFAB1C54-9C74-4BCF-8306-86F796B1DEB6}.Release|Any CPU.Build.0 = Release|Any CPU
		{FFAB1C54-9C74-4BCF-8306-86F796B1DEB6}.Release|Mixed Platforms.ActiveCfg = Release|Any CPU
		{FFAB1C54-9C74-4BCF-8306-86F796B1DEB6}.Release|Mixed Platforms.Build.0 = Release|Any CPU
		{FFAB1C54-9C74-4BCF-8306-86F796B1DEB6}.Release|x86.ActiveCfg = Release|Any CPU
		{1BA89BB6-A869-491A-9C2C-6E51F9145479}.Debug|Any CPU.ActiveCfg = Debug|Any CPU
		{1BA89BB6-A869-491A-9C2C-6E51F9145479}.Debug|Any CPU.Build.0 = Debug|Any CPU
		{1BA89BB6-A869-491A-9C2C-6E51F9145479}.Debug|Mixed Platforms.ActiveCfg = Debug|Any CPU
		{1BA89BB6-A869-491A-9C2C-6E51F9145479}.Debug|Mixed Platforms.Build.0 = Debug|Any CPU
		{1BA89BB6-A869-491A-9C2C-6E51F9145479}.Debug|x86.ActiveCfg = Debug|Any CPU
		{1BA89BB6-A869-491A-9C2C-6E51F9145479}.Release|Any CPU.ActiveCfg = Release|Any CPU
		{1BA89BB6-A869-491A-9C2C-6E51F9145479}.Release|Any CPU.Build.0 = Release|Any CPU
		{1BA89BB6-A869-491A-9C2C-6E51F9145479}.Release|Mixed Platforms.ActiveCfg = Release|Any CPU
		{1BA89BB6-A869-491A-9C2C-6E51F9145479}.Release|Mixed Platforms.Build.0 = Release|Any CPU
		{1BA89BB6-A869-491A-9C2C-6E51F9145479}.Release|x86.ActiveCfg = Release|Any CPU
		{DC463C7E-4879-402D-B12A-2AA3B22927EF}.Debug|Any CPU.ActiveCfg = Debug|Any CPU
		{DC463C7E-4879-402D-B12A-2AA3B22927EF}.Debug|Any CPU.Build.0 = Debug|Any CPU
		{DC463C7E-4879-402D-B12A-2AA3B22927EF}.Debug|Mixed Platforms.ActiveCfg = Debug|Any CPU
		{DC463C7E-4879-402D-B12A-2AA3B22927EF}.Debug|Mixed Platforms.Build.0 = Debug|Any CPU
		{DC463C7E-4879-402D-B12A-2AA3B22927EF}.Debug|x86.ActiveCfg = Debug|Any CPU
		{DC463C7E-4879-402D-B12A-2AA3B22927EF}.Release|Any CPU.ActiveCfg = Release|Any CPU
		{DC463C7E-4879-402D-B12A-2AA3B22927EF}.Release|Any CPU.Build.0 = Release|Any CPU
		{DC463C7E-4879-402D-B12A-2AA3B22927EF}.Release|Mixed Platforms.ActiveCfg = Release|Any CPU
		{DC463C7E-4879-402D-B12A-2AA3B22927EF}.Release|Mixed Platforms.Build.0 = Release|Any CPU
		{DC463C7E-4879-402D-B12A-2AA3B22927EF}.Release|x86.ActiveCfg = Release|Any CPU
		{CAF56487-8936-4AD7-8CF8-291AFEEDEE0A}.Debug|Any CPU.ActiveCfg = Debug|x86
		{CAF56487-8936-4AD7-8CF8-291AFEEDEE0A}.Debug|Mixed Platforms.ActiveCfg = Debug|x86
		{CAF56487-8936-4AD7-8CF8-291AFEEDEE0A}.Debug|Mixed Platforms.Build.0 = Debug|x86
		{CAF56487-8936-4AD7-8CF8-291AFEEDEE0A}.Debug|x86.ActiveCfg = Debug|x86
		{CAF56487-8936-4AD7-8CF8-291AFEEDEE0A}.Debug|x86.Build.0 = Debug|x86
		{CAF56487-8936-4AD7-8CF8-291AFEEDEE0A}.Release|Any CPU.ActiveCfg = Release|x86
		{CAF56487-8936-4AD7-8CF8-291AFEEDEE0A}.Release|Any CPU.Build.0 = Release|x86
		{CAF56487-8936-4AD7-8CF8-291AFEEDEE0A}.Release|Mixed Platforms.ActiveCfg = Release|x86
		{CAF56487-8936-4AD7-8CF8-291AFEEDEE0A}.Release|Mixed Platforms.Build.0 = Release|x86
		{CAF56487-8936-4AD7-8CF8-291AFEEDEE0A}.Release|x86.ActiveCfg = Release|x86
		{CAF56487-8936-4AD7-8CF8-291AFEEDEE0A}.Release|x86.Build.0 = Release|x86
	EndGlobalSection
	GlobalSection(SolutionProperties) = preSolution
		HideSolutionNode = FALSE
	EndGlobalSection
EndGlobal
