
Microsoft Visual Studio Solution File, Format Version 12.00
# Visual Studio 2013
VisualStudioVersion = 12.0.21005.1
MinimumVisualStudioVersion = 10.0.40219.1
Project("{FAE04EC0-301F-11D3-BF4B-00C04F79EFBC}") = "JMS.DVB.Common", "..\..\Common\JMS.DVB.Common.csproj", "{A224B2D5-7987-4C86-8FF7-CDD09ED76BA0}"
EndProject
Project("{FAE04EC0-301F-11D3-BF4B-00C04F79EFBC}") = "JMS.DVB.SourceManagement", "..\..\SourceManagement\JMS.DVB.SourceManagement.csproj", "{6662DE38-74C1-4432-9512-C7E94C2EFDFA}"
	ProjectSection(ProjectDependencies) = postProject
		{A224B2D5-7987-4C86-8FF7-CDD09ED76BA0} = {A224B2D5-7987-4C86-8FF7-CDD09ED76BA0}
	EndProjectSection
EndProject
Project("{FAE04EC0-301F-11D3-BF4B-00C04F79EFBC}") = "JMS.DVB", "..\..\DVB\JMS.DVB.csproj", "{5C2B8408-6616-444C-A808-A79C9A356111}"
	ProjectSection(ProjectDependencies) = postProject
		{A224B2D5-7987-4C86-8FF7-CDD09ED76BA0} = {A224B2D5-7987-4C86-8FF7-CDD09ED76BA0}
	EndProjectSection
EndProject
Project("{FAE04EC0-301F-11D3-BF4B-00C04F79EFBC}") = "JMS.DVB.EPG", "..\..\EPG\JMS.DVB.EPG.csproj", "{90D05FCC-70F9-4423-A79F-B8D31BFBC228}"
	ProjectSection(ProjectDependencies) = postProject
		{5C2B8408-6616-444C-A808-A79C9A356111} = {5C2B8408-6616-444C-A808-A79C9A356111}
		{A224B2D5-7987-4C86-8FF7-CDD09ED76BA0} = {A224B2D5-7987-4C86-8FF7-CDD09ED76BA0}
	EndProjectSection
EndProject
Project("{FAE04EC0-301F-11D3-BF4B-00C04F79EFBC}") = "JMS.DVB.SITables", "..\..\SITables\JMS.DVB.SITables.csproj", "{620B2A8D-ACCC-401A-A67B-70F3AAE47F55}"
	ProjectSection(ProjectDependencies) = postProject
		{5C2B8408-6616-444C-A808-A79C9A356111} = {5C2B8408-6616-444C-A808-A79C9A356111}
		{6662DE38-74C1-4432-9512-C7E94C2EFDFA} = {6662DE38-74C1-4432-9512-C7E94C2EFDFA}
		{90D05FCC-70F9-4423-A79F-B8D31BFBC228} = {90D05FCC-70F9-4423-A79F-B8D31BFBC228}
	EndProjectSection
EndProject
Project("{FAE04EC0-301F-11D3-BF4B-00C04F79EFBC}") = "JMS.DVB.TS", "..\..\TS\JMS.DVB.TS.csproj", "{B2325F13-C217-4D96-846C-3FF857DA6128}"
	ProjectSection(ProjectDependencies) = postProject
		{5C2B8408-6616-444C-A808-A79C9A356111} = {5C2B8408-6616-444C-A808-A79C9A356111}
		{90D05FCC-70F9-4423-A79F-B8D31BFBC228} = {90D05FCC-70F9-4423-A79F-B8D31BFBC228}
	EndProjectSection
EndProject
Project("{FAE04EC0-301F-11D3-BF4B-00C04F79EFBC}") = "JMS.DVB.HardwareAbstraction", "..\..\HardwareAbstraction\JMS.DVB.HardwareAbstraction.csproj", "{76D4B1A1-14FF-4265-8351-06DFD98F2DC3}"
	ProjectSection(ProjectDependencies) = postProject
		{5C2B8408-6616-444C-A808-A79C9A356111} = {5C2B8408-6616-444C-A808-A79C9A356111}
		{046BA60E-E22F-48AA-AB52-5D8AA7F0A6C4} = {046BA60E-E22F-48AA-AB52-5D8AA7F0A6C4}
		{B2325F13-C217-4D96-846C-3FF857DA6128} = {B2325F13-C217-4D96-846C-3FF857DA6128}
		{6662DE38-74C1-4432-9512-C7E94C2EFDFA} = {6662DE38-74C1-4432-9512-C7E94C2EFDFA}
		{620B2A8D-ACCC-401A-A67B-70F3AAE47F55} = {620B2A8D-ACCC-401A-A67B-70F3AAE47F55}
		{90D05FCC-70F9-4423-A79F-B8D31BFBC228} = {90D05FCC-70F9-4423-A79F-B8D31BFBC228}
		{A224B2D5-7987-4C86-8FF7-CDD09ED76BA0} = {A224B2D5-7987-4C86-8FF7-CDD09ED76BA0}
		{259F46EC-78EA-45E2-AD08-C5349385DFD1} = {259F46EC-78EA-45E2-AD08-C5349385DFD1}
	EndProjectSection
EndProject
Project("{FAE04EC0-301F-11D3-BF4B-00C04F79EFBC}") = "JMS.ChannelManagement", "..\..\ChannelManager\JMS.ChannelManagement.csproj", "{259F46EC-78EA-45E2-AD08-C5349385DFD1}"
	ProjectSection(ProjectDependencies) = postProject
		{5C2B8408-6616-444C-A808-A79C9A356111} = {5C2B8408-6616-444C-A808-A79C9A356111}
		{90D05FCC-70F9-4423-A79F-B8D31BFBC228} = {90D05FCC-70F9-4423-A79F-B8D31BFBC228}
	EndProjectSection
EndProject
Project("{FAE04EC0-301F-11D3-BF4B-00C04F79EFBC}") = "JMS.FavoriteManager", "..\..\FavoriteManager\JMS.FavoriteManager.csproj", "{2B684DEF-88CF-45E9-A80A-E3DF8127171D}"
EndProject
Project("{FAE04EC0-301F-11D3-BF4B-00C04F79EFBC}") = "JMS.TechnoTrend.MFCWrapper", "..\..\Provider\TechnoTrend\TTAPI\JMS.TechnoTrend.MFCWrapper.csproj", "{CC42C4D5-3158-4E1C-9FC8-8138DBE52D8F}"
	ProjectSection(ProjectDependencies) = postProject
		{5C2B8408-6616-444C-A808-A79C9A356111} = {5C2B8408-6616-444C-A808-A79C9A356111}
		{B2325F13-C217-4D96-846C-3FF857DA6128} = {B2325F13-C217-4D96-846C-3FF857DA6128}
		{90D05FCC-70F9-4423-A79F-B8D31BFBC228} = {90D05FCC-70F9-4423-A79F-B8D31BFBC228}
	EndProjectSection
EndProject
Project("{FAE04EC0-301F-11D3-BF4B-00C04F79EFBC}") = "JMS.DVB.Provider.Legacy", "..\..\Provider\DVBNETLegacy\JMS.DVB.Provider.Legacy.csproj", "{D528B63E-EE1A-4297-BE78-90D38F6CE0C2}"
	ProjectSection(ProjectDependencies) = postProject
		{0FF2B905-EBFC-47D8-BEDA-6961C9438114} = {0FF2B905-EBFC-47D8-BEDA-6961C9438114}
		{5C2B8408-6616-444C-A808-A79C9A356111} = {5C2B8408-6616-444C-A808-A79C9A356111}
		{046BA60E-E22F-48AA-AB52-5D8AA7F0A6C4} = {046BA60E-E22F-48AA-AB52-5D8AA7F0A6C4}
		{6662DE38-74C1-4432-9512-C7E94C2EFDFA} = {6662DE38-74C1-4432-9512-C7E94C2EFDFA}
		{620B2A8D-ACCC-401A-A67B-70F3AAE47F55} = {620B2A8D-ACCC-401A-A67B-70F3AAE47F55}
		{76D4B1A1-14FF-4265-8351-06DFD98F2DC3} = {76D4B1A1-14FF-4265-8351-06DFD98F2DC3}
		{CC42C4D5-3158-4E1C-9FC8-8138DBE52D8F} = {CC42C4D5-3158-4E1C-9FC8-8138DBE52D8F}
		{744054D8-2B4A-42D1-A84B-781561F575EB} = {744054D8-2B4A-42D1-A84B-781561F575EB}
		{259F46EC-78EA-45E2-AD08-C5349385DFD1} = {259F46EC-78EA-45E2-AD08-C5349385DFD1}
	EndProjectSection
EndProject
Project("{FAE04EC0-301F-11D3-BF4B-00C04F79EFBC}") = "JMS.DVB.DirectShow", "..\..\BDA\JMS.DVB.DirectShow.csproj", "{18E9D0C8-8AC6-4F86-AD43-DBDCFBFB2F26}"
	ProjectSection(ProjectDependencies) = postProject
		{5C2B8408-6616-444C-A808-A79C9A356111} = {5C2B8408-6616-444C-A808-A79C9A356111}
		{046BA60E-E22F-48AA-AB52-5D8AA7F0A6C4} = {046BA60E-E22F-48AA-AB52-5D8AA7F0A6C4}
		{B2325F13-C217-4D96-846C-3FF857DA6128} = {B2325F13-C217-4D96-846C-3FF857DA6128}
		{90D05FCC-70F9-4423-A79F-B8D31BFBC228} = {90D05FCC-70F9-4423-A79F-B8D31BFBC228}
		{A224B2D5-7987-4C86-8FF7-CDD09ED76BA0} = {A224B2D5-7987-4C86-8FF7-CDD09ED76BA0}
	EndProjectSection
EndProject
Project("{FAE04EC0-301F-11D3-BF4B-00C04F79EFBC}") = "JMS.DVB.Algorithms", "..\..\Algorithms\JMS.DVB.Algorithms.csproj", "{E1ED756B-6A4D-4CF3-9E8F-B191E2029C54}"
	ProjectSection(ProjectDependencies) = postProject
		{6662DE38-74C1-4432-9512-C7E94C2EFDFA} = {6662DE38-74C1-4432-9512-C7E94C2EFDFA}
		{620B2A8D-ACCC-401A-A67B-70F3AAE47F55} = {620B2A8D-ACCC-401A-A67B-70F3AAE47F55}
		{76D4B1A1-14FF-4265-8351-06DFD98F2DC3} = {76D4B1A1-14FF-4265-8351-06DFD98F2DC3}
		{A224B2D5-7987-4C86-8FF7-CDD09ED76BA0} = {A224B2D5-7987-4C86-8FF7-CDD09ED76BA0}
	EndProjectSection
EndProject
Project("{FAE04EC0-301F-11D3-BF4B-00C04F79EFBC}") = "JMS.DVB.Provider.TTPremium", "..\..\Provider\TechnoTrend\TTPremium\JMS.DVB.Provider.TTPremium.csproj", "{744054D8-2B4A-42D1-A84B-781561F575EB}"
	ProjectSection(ProjectDependencies) = postProject
		{5C2B8408-6616-444C-A808-A79C9A356111} = {5C2B8408-6616-444C-A808-A79C9A356111}
		{046BA60E-E22F-48AA-AB52-5D8AA7F0A6C4} = {046BA60E-E22F-48AA-AB52-5D8AA7F0A6C4}
		{CC42C4D5-3158-4E1C-9FC8-8138DBE52D8F} = {CC42C4D5-3158-4E1C-9FC8-8138DBE52D8F}
		{259F46EC-78EA-45E2-AD08-C5349385DFD1} = {259F46EC-78EA-45E2-AD08-C5349385DFD1}
	EndProjectSection
EndProject
Project("{FAE04EC0-301F-11D3-BF4B-00C04F79EFBC}") = "JMS.DVB.Provider.TTBudget", "..\..\Provider\TechnoTrend\TTBudget\JMS.DVB.Provider.TTBudget.csproj", "{0FF2B905-EBFC-47D8-BEDA-6961C9438114}"
	ProjectSection(ProjectDependencies) = postProject
		{5C2B8408-6616-444C-A808-A79C9A356111} = {5C2B8408-6616-444C-A808-A79C9A356111}
		{046BA60E-E22F-48AA-AB52-5D8AA7F0A6C4} = {046BA60E-E22F-48AA-AB52-5D8AA7F0A6C4}
		{6662DE38-74C1-4432-9512-C7E94C2EFDFA} = {6662DE38-74C1-4432-9512-C7E94C2EFDFA}
		{620B2A8D-ACCC-401A-A67B-70F3AAE47F55} = {620B2A8D-ACCC-401A-A67B-70F3AAE47F55}
		{76D4B1A1-14FF-4265-8351-06DFD98F2DC3} = {76D4B1A1-14FF-4265-8351-06DFD98F2DC3}
		{90D05FCC-70F9-4423-A79F-B8D31BFBC228} = {90D05FCC-70F9-4423-A79F-B8D31BFBC228}
		{CC42C4D5-3158-4E1C-9FC8-8138DBE52D8F} = {CC42C4D5-3158-4E1C-9FC8-8138DBE52D8F}
		{259F46EC-78EA-45E2-AD08-C5349385DFD1} = {259F46EC-78EA-45E2-AD08-C5349385DFD1}
	EndProjectSection
EndProject
Project("{FAE04EC0-301F-11D3-BF4B-00C04F79EFBC}") = "JMS.DVB.Provider.FireDTV", "..\..\Provider\FireDTV\JMS.DVB.Provider.FireDTV.csproj", "{D02922AD-4064-4B13-8B81-073079788FEA}"
	ProjectSection(ProjectDependencies) = postProject
		{046BA60E-E22F-48AA-AB52-5D8AA7F0A6C4} = {046BA60E-E22F-48AA-AB52-5D8AA7F0A6C4}
		{6662DE38-74C1-4432-9512-C7E94C2EFDFA} = {6662DE38-74C1-4432-9512-C7E94C2EFDFA}
		{620B2A8D-ACCC-401A-A67B-70F3AAE47F55} = {620B2A8D-ACCC-401A-A67B-70F3AAE47F55}
		{76D4B1A1-14FF-4265-8351-06DFD98F2DC3} = {76D4B1A1-14FF-4265-8351-06DFD98F2DC3}
		{90D05FCC-70F9-4423-A79F-B8D31BFBC228} = {90D05FCC-70F9-4423-A79F-B8D31BFBC228}
	EndProjectSection
EndProject
Project("{FAE04EC0-301F-11D3-BF4B-00C04F79EFBC}") = "JMS.DVB.Provider.KNC", "..\..\Provider\KNC\JMS.DVB.Provider.KNC.csproj", "{7294F8A2-5ABF-40A5-BE22-4E6ACCEE9394}"
	ProjectSection(ProjectDependencies) = postProject
		{5C2B8408-6616-444C-A808-A79C9A356111} = {5C2B8408-6616-444C-A808-A79C9A356111}
		{046BA60E-E22F-48AA-AB52-5D8AA7F0A6C4} = {046BA60E-E22F-48AA-AB52-5D8AA7F0A6C4}
		{6662DE38-74C1-4432-9512-C7E94C2EFDFA} = {6662DE38-74C1-4432-9512-C7E94C2EFDFA}
		{620B2A8D-ACCC-401A-A67B-70F3AAE47F55} = {620B2A8D-ACCC-401A-A67B-70F3AAE47F55}
		{76D4B1A1-14FF-4265-8351-06DFD98F2DC3} = {76D4B1A1-14FF-4265-8351-06DFD98F2DC3}
		{90D05FCC-70F9-4423-A79F-B8D31BFBC228} = {90D05FCC-70F9-4423-A79F-B8D31BFBC228}
	EndProjectSection
EndProject
Project("{FAE04EC0-301F-11D3-BF4B-00C04F79EFBC}") = "JMS.DVB.Provider.NovaS2", "..\..\Provider\Hauppauge\NovaS2\JMS.DVB.Provider.NovaS2.csproj", "{08D0AD01-4137-49E2-8B28-3B466A142C8A}"
	ProjectSection(ProjectDependencies) = postProject
		{046BA60E-E22F-48AA-AB52-5D8AA7F0A6C4} = {046BA60E-E22F-48AA-AB52-5D8AA7F0A6C4}
		{6662DE38-74C1-4432-9512-C7E94C2EFDFA} = {6662DE38-74C1-4432-9512-C7E94C2EFDFA}
		{620B2A8D-ACCC-401A-A67B-70F3AAE47F55} = {620B2A8D-ACCC-401A-A67B-70F3AAE47F55}
		{76D4B1A1-14FF-4265-8351-06DFD98F2DC3} = {76D4B1A1-14FF-4265-8351-06DFD98F2DC3}
	EndProjectSection
EndProject
Project("{FAE04EC0-301F-11D3-BF4B-00C04F79EFBC}") = "JMS.DVB.Administration.Framework", "..\..\Administration\PlugIns\AdminFramework\JMS.DVB.Administration.Framework.csproj", "{A5C02DC8-7FBD-4653-AD40-D540F2B05220}"
	ProjectSection(ProjectDependencies) = postProject
		{76D4B1A1-14FF-4265-8351-06DFD98F2DC3} = {76D4B1A1-14FF-4265-8351-06DFD98F2DC3}
		{A224B2D5-7987-4C86-8FF7-CDD09ED76BA0} = {A224B2D5-7987-4C86-8FF7-CDD09ED76BA0}
	EndProjectSection
EndProject
Project("{FAE04EC0-301F-11D3-BF4B-00C04F79EFBC}") = "JMS.DVB.Administration.Profiles", "..\..\Administration\PlugIns\Profile Manager\JMS.DVB.Administration.Profiles.csproj", "{E20D7FF6-2358-4B25-8D45-F523E0C6B816}"
	ProjectSection(ProjectDependencies) = postProject
		{5C2B8408-6616-444C-A808-A79C9A356111} = {5C2B8408-6616-444C-A808-A79C9A356111}
		{6662DE38-74C1-4432-9512-C7E94C2EFDFA} = {6662DE38-74C1-4432-9512-C7E94C2EFDFA}
		{D528B63E-EE1A-4297-BE78-90D38F6CE0C2} = {D528B63E-EE1A-4297-BE78-90D38F6CE0C2}
		{9B137745-492B-46DF-A525-3CA83D64AA96} = {9B137745-492B-46DF-A525-3CA83D64AA96}
		{E1ED756B-6A4D-4CF3-9E8F-B191E2029C54} = {E1ED756B-6A4D-4CF3-9E8F-B191E2029C54}
		{620B2A8D-ACCC-401A-A67B-70F3AAE47F55} = {620B2A8D-ACCC-401A-A67B-70F3AAE47F55}
		{76D4B1A1-14FF-4265-8351-06DFD98F2DC3} = {76D4B1A1-14FF-4265-8351-06DFD98F2DC3}
		{A5C02DC8-7FBD-4653-AD40-D540F2B05220} = {A5C02DC8-7FBD-4653-AD40-D540F2B05220}
		{259F46EC-78EA-45E2-AD08-C5349385DFD1} = {259F46EC-78EA-45E2-AD08-C5349385DFD1}
	EndProjectSection
EndProject
Project("{FAE04EC0-301F-11D3-BF4B-00C04F79EFBC}") = "JMS.DVB.Administration.TransponderScan", "..\..\Administration\PlugIns\Transponder Scanner\JMS.DVB.Administration.TransponderScan.csproj", "{9B137745-492B-46DF-A525-3CA83D64AA96}"
	ProjectSection(ProjectDependencies) = postProject
		{6662DE38-74C1-4432-9512-C7E94C2EFDFA} = {6662DE38-74C1-4432-9512-C7E94C2EFDFA}
		{E1ED756B-6A4D-4CF3-9E8F-B191E2029C54} = {E1ED756B-6A4D-4CF3-9E8F-B191E2029C54}
		{620B2A8D-ACCC-401A-A67B-70F3AAE47F55} = {620B2A8D-ACCC-401A-A67B-70F3AAE47F55}
		{76D4B1A1-14FF-4265-8351-06DFD98F2DC3} = {76D4B1A1-14FF-4265-8351-06DFD98F2DC3}
		{A5C02DC8-7FBD-4653-AD40-D540F2B05220} = {A5C02DC8-7FBD-4653-AD40-D540F2B05220}
	EndProjectSection
EndProject
Project("{FAE04EC0-301F-11D3-BF4B-00C04F79EFBC}") = "DVBNETAdmin", "..\..\Administration\DVBNETAdmin.csproj", "{DE8396EE-7264-4E0C-A4F6-F65A5E7C1D9F}"
	ProjectSection(ProjectDependencies) = postProject
		{6662DE38-74C1-4432-9512-C7E94C2EFDFA} = {6662DE38-74C1-4432-9512-C7E94C2EFDFA}
		{620B2A8D-ACCC-401A-A67B-70F3AAE47F55} = {620B2A8D-ACCC-401A-A67B-70F3AAE47F55}
		{76D4B1A1-14FF-4265-8351-06DFD98F2DC3} = {76D4B1A1-14FF-4265-8351-06DFD98F2DC3}
		{A5C02DC8-7FBD-4653-AD40-D540F2B05220} = {A5C02DC8-7FBD-4653-AD40-D540F2B05220}
		{A224B2D5-7987-4C86-8FF7-CDD09ED76BA0} = {A224B2D5-7987-4C86-8FF7-CDD09ED76BA0}
	EndProjectSection
EndProject
Project("{FAE04EC0-301F-11D3-BF4B-00C04F79EFBC}") = "UserProfileManager", "..\..\Tools\UserProfileManager\UserProfileManager.csproj", "{E6A0DED8-7C22-4FB0-BDC9-AD93E24EE76C}"
	ProjectSection(ProjectDependencies) = postProject
		{76D4B1A1-14FF-4265-8351-06DFD98F2DC3} = {76D4B1A1-14FF-4265-8351-06DFD98F2DC3}
		{A224B2D5-7987-4C86-8FF7-CDD09ED76BA0} = {A224B2D5-7987-4C86-8FF7-CDD09ED76BA0}
	EndProjectSection
EndProject
Project("{FAE04EC0-301F-11D3-BF4B-00C04F79EFBC}") = "JMS.DVB.DeviceAccess", "..\..\BDA4\JMS.DVB.DeviceAccess.csproj", "{046BA60E-E22F-48AA-AB52-5D8AA7F0A6C4}"
	ProjectSection(ProjectDependencies) = postProject
		{5C2B8408-6616-444C-A808-A79C9A356111} = {5C2B8408-6616-444C-A808-A79C9A356111}
		{B2325F13-C217-4D96-846C-3FF857DA6128} = {B2325F13-C217-4D96-846C-3FF857DA6128}
		{6662DE38-74C1-4432-9512-C7E94C2EFDFA} = {6662DE38-74C1-4432-9512-C7E94C2EFDFA}
		{90D05FCC-70F9-4423-A79F-B8D31BFBC228} = {90D05FCC-70F9-4423-A79F-B8D31BFBC228}
	EndProjectSection
EndProject
Project("{FAE04EC0-301F-11D3-BF4B-00C04F79EFBC}") = "JMS.DVB.Provider.Duoflex", "..\..\Provider\Duoflex\JMS.DVB.Provider.Duoflex.csproj", "{7D7FD386-E5C4-4264-853E-3C484BEFCDA6}"
	ProjectSection(ProjectDependencies) = postProject
		{046BA60E-E22F-48AA-AB52-5D8AA7F0A6C4} = {046BA60E-E22F-48AA-AB52-5D8AA7F0A6C4}
		{6662DE38-74C1-4432-9512-C7E94C2EFDFA} = {6662DE38-74C1-4432-9512-C7E94C2EFDFA}
		{620B2A8D-ACCC-401A-A67B-70F3AAE47F55} = {620B2A8D-ACCC-401A-A67B-70F3AAE47F55}
		{76D4B1A1-14FF-4265-8351-06DFD98F2DC3} = {76D4B1A1-14FF-4265-8351-06DFD98F2DC3}
		{90D05FCC-70F9-4423-A79F-B8D31BFBC228} = {90D05FCC-70F9-4423-A79F-B8D31BFBC228}
	EndProjectSection
EndProject
Project("{FAE04EC0-301F-11D3-BF4B-00C04F79EFBC}") = "RCLearner", "..\..\Tools\RC Learner\RCLearner.csproj", "{822E86FA-1BB4-4860-A97C-413DB4773A8B}"
	ProjectSection(ProjectDependencies) = postProject
		{76D4B1A1-14FF-4265-8351-06DFD98F2DC3} = {76D4B1A1-14FF-4265-8351-06DFD98F2DC3}
		{18E9D0C8-8AC6-4F86-AD43-DBDCFBFB2F26} = {18E9D0C8-8AC6-4F86-AD43-DBDCFBFB2F26}
		{A224B2D5-7987-4C86-8FF7-CDD09ED76BA0} = {A224B2D5-7987-4C86-8FF7-CDD09ED76BA0}
	EndProjectSection
EndProject
Project("{FAE04EC0-301F-11D3-BF4B-00C04F79EFBC}") = "JMS.DVB.SchedulerTests", "..\..\Test Applications\JMS.DVB.SchedulerTests\JMS.DVB.SchedulerTests.csproj", "{C3620101-64FF-4D96-81F4-E886FB2D80DD}"
	ProjectSection(ProjectDependencies) = postProject
		{E1ED756B-6A4D-4CF3-9E8F-B191E2029C54} = {E1ED756B-6A4D-4CF3-9E8F-B191E2029C54}
	EndProjectSection
EndProject
Project("{930C7802-8A8C-48F9-8165-68863BCCD9DD}") = "CoreSetup", "CoreSetup.wixproj", "{0E19F354-14CB-493E-9CF3-3195237ACCAD}"
EndProject
Project("{FAE04EC0-301F-11D3-BF4B-00C04F79EFBC}") = "JMS.DVB.Provider.TeViiS2", "..\..\Provider\TeViiS2\JMS.DVB.Provider.TeViiS2.csproj", "{B26CE348-CB62-4DA1-949D-EDA4526F892D}"
	ProjectSection(ProjectDependencies) = postProject
		{046BA60E-E22F-48AA-AB52-5D8AA7F0A6C4} = {046BA60E-E22F-48AA-AB52-5D8AA7F0A6C4}
		{6662DE38-74C1-4432-9512-C7E94C2EFDFA} = {6662DE38-74C1-4432-9512-C7E94C2EFDFA}
		{620B2A8D-ACCC-401A-A67B-70F3AAE47F55} = {620B2A8D-ACCC-401A-A67B-70F3AAE47F55}
		{76D4B1A1-14FF-4265-8351-06DFD98F2DC3} = {76D4B1A1-14FF-4265-8351-06DFD98F2DC3}
	EndProjectSection
EndProject
Global
	GlobalSection(SolutionConfigurationPlatforms) = preSolution
		Debug|Any CPU = Debug|Any CPU
		Debug|Mixed Platforms = Debug|Mixed Platforms
		Debug|x86 = Debug|x86
		Release|Any CPU = Release|Any CPU
		Release|Mixed Platforms = Release|Mixed Platforms
		Release|x86 = Release|x86
	EndGlobalSection
	GlobalSection(ProjectConfigurationPlatforms) = postSolution
		{A224B2D5-7987-4C86-8FF7-CDD09ED76BA0}.Debug|Any CPU.ActiveCfg = Debug|Any CPU
		{A224B2D5-7987-4C86-8FF7-CDD09ED76BA0}.Debug|Any CPU.Build.0 = Debug|Any CPU
		{A224B2D5-7987-4C86-8FF7-CDD09ED76BA0}.Debug|Mixed Platforms.ActiveCfg = Debug|Any CPU
		{A224B2D5-7987-4C86-8FF7-CDD09ED76BA0}.Debug|Mixed Platforms.Build.0 = Debug|Any CPU
		{A224B2D5-7987-4C86-8FF7-CDD09ED76BA0}.Debug|x86.ActiveCfg = Debug|Any CPU
		{A224B2D5-7987-4C86-8FF7-CDD09ED76BA0}.Release|Any CPU.ActiveCfg = Release|Any CPU
		{A224B2D5-7987-4C86-8FF7-CDD09ED76BA0}.Release|Any CPU.Build.0 = Release|Any CPU
		{A224B2D5-7987-4C86-8FF7-CDD09ED76BA0}.Release|Mixed Platforms.ActiveCfg = Release|Any CPU
		{A224B2D5-7987-4C86-8FF7-CDD09ED76BA0}.Release|Mixed Platforms.Build.0 = Release|Any CPU
		{A224B2D5-7987-4C86-8FF7-CDD09ED76BA0}.Release|x86.ActiveCfg = Release|Any CPU
		{6662DE38-74C1-4432-9512-C7E94C2EFDFA}.Debug|Any CPU.ActiveCfg = Debug|Any CPU
		{6662DE38-74C1-4432-9512-C7E94C2EFDFA}.Debug|Any CPU.Build.0 = Debug|Any CPU
		{6662DE38-74C1-4432-9512-C7E94C2EFDFA}.Debug|Mixed Platforms.ActiveCfg = Debug|Any CPU
		{6662DE38-74C1-4432-9512-C7E94C2EFDFA}.Debug|Mixed Platforms.Build.0 = Debug|Any CPU
		{6662DE38-74C1-4432-9512-C7E94C2EFDFA}.Debug|x86.ActiveCfg = Debug|Any CPU
		{6662DE38-74C1-4432-9512-C7E94C2EFDFA}.Release|Any CPU.ActiveCfg = Release|Any CPU
		{6662DE38-74C1-4432-9512-C7E94C2EFDFA}.Release|Any CPU.Build.0 = Release|Any CPU
		{6662DE38-74C1-4432-9512-C7E94C2EFDFA}.Release|Mixed Platforms.ActiveCfg = Release|Any CPU
		{6662DE38-74C1-4432-9512-C7E94C2EFDFA}.Release|Mixed Platforms.Build.0 = Release|Any CPU
		{6662DE38-74C1-4432-9512-C7E94C2EFDFA}.Release|x86.ActiveCfg = Release|Any CPU
		{5C2B8408-6616-444C-A808-A79C9A356111}.Debug|Any CPU.ActiveCfg = Debug|Any CPU
		{5C2B8408-6616-444C-A808-A79C9A356111}.Debug|Any CPU.Build.0 = Debug|Any CPU
		{5C2B8408-6616-444C-A808-A79C9A356111}.Debug|Mixed Platforms.ActiveCfg = Debug|Any CPU
		{5C2B8408-6616-444C-A808-A79C9A356111}.Debug|Mixed Platforms.Build.0 = Debug|Any CPU
		{5C2B8408-6616-444C-A808-A79C9A356111}.Debug|x86.ActiveCfg = Debug|Any CPU
		{5C2B8408-6616-444C-A808-A79C9A356111}.Release|Any CPU.ActiveCfg = Release|Any CPU
		{5C2B8408-6616-444C-A808-A79C9A356111}.Release|Any CPU.Build.0 = Release|Any CPU
		{5C2B8408-6616-444C-A808-A79C9A356111}.Release|Mixed Platforms.ActiveCfg = Release|Any CPU
		{5C2B8408-6616-444C-A808-A79C9A356111}.Release|Mixed Platforms.Build.0 = Release|Any CPU
		{5C2B8408-6616-444C-A808-A79C9A356111}.Release|x86.ActiveCfg = Release|Any CPU
		{90D05FCC-70F9-4423-A79F-B8D31BFBC228}.Debug|Any CPU.ActiveCfg = Debug|Any CPU
		{90D05FCC-70F9-4423-A79F-B8D31BFBC228}.Debug|Any CPU.Build.0 = Debug|Any CPU
		{90D05FCC-70F9-4423-A79F-B8D31BFBC228}.Debug|Mixed Platforms.ActiveCfg = Debug|Any CPU
		{90D05FCC-70F9-4423-A79F-B8D31BFBC228}.Debug|Mixed Platforms.Build.0 = Debug|Any CPU
		{90D05FCC-70F9-4423-A79F-B8D31BFBC228}.Debug|x86.ActiveCfg = Debug|Any CPU
		{90D05FCC-70F9-4423-A79F-B8D31BFBC228}.Release|Any CPU.ActiveCfg = Release|Any CPU
		{90D05FCC-70F9-4423-A79F-B8D31BFBC228}.Release|Any CPU.Build.0 = Release|Any CPU
		{90D05FCC-70F9-4423-A79F-B8D31BFBC228}.Release|Mixed Platforms.ActiveCfg = Release|Any CPU
		{90D05FCC-70F9-4423-A79F-B8D31BFBC228}.Release|Mixed Platforms.Build.0 = Release|Any CPU
		{90D05FCC-70F9-4423-A79F-B8D31BFBC228}.Release|x86.ActiveCfg = Release|Any CPU
		{620B2A8D-ACCC-401A-A67B-70F3AAE47F55}.Debug|Any CPU.ActiveCfg = Debug|Any CPU
		{620B2A8D-ACCC-401A-A67B-70F3AAE47F55}.Debug|Any CPU.Build.0 = Debug|Any CPU
		{620B2A8D-ACCC-401A-A67B-70F3AAE47F55}.Debug|Mixed Platforms.ActiveCfg = Debug|Any CPU
		{620B2A8D-ACCC-401A-A67B-70F3AAE47F55}.Debug|Mixed Platforms.Build.0 = Debug|Any CPU
		{620B2A8D-ACCC-401A-A67B-70F3AAE47F55}.Debug|x86.ActiveCfg = Debug|Any CPU
		{620B2A8D-ACCC-401A-A67B-70F3AAE47F55}.Release|Any CPU.ActiveCfg = Release|Any CPU
		{620B2A8D-ACCC-401A-A67B-70F3AAE47F55}.Release|Any CPU.Build.0 = Release|Any CPU
		{620B2A8D-ACCC-401A-A67B-70F3AAE47F55}.Release|Mixed Platforms.ActiveCfg = Release|Any CPU
		{620B2A8D-ACCC-401A-A67B-70F3AAE47F55}.Release|Mixed Platforms.Build.0 = Release|Any CPU
		{620B2A8D-ACCC-401A-A67B-70F3AAE47F55}.Release|x86.ActiveCfg = Release|Any CPU
		{B2325F13-C217-4D96-846C-3FF857DA6128}.Debug|Any CPU.ActiveCfg = Debug|Any CPU
		{B2325F13-C217-4D96-846C-3FF857DA6128}.Debug|Any CPU.Build.0 = Debug|Any CPU
		{B2325F13-C217-4D96-846C-3FF857DA6128}.Debug|Mixed Platforms.ActiveCfg = Debug|Any CPU
		{B2325F13-C217-4D96-846C-3FF857DA6128}.Debug|Mixed Platforms.Build.0 = Debug|Any CPU
		{B2325F13-C217-4D96-846C-3FF857DA6128}.Debug|x86.ActiveCfg = Debug|Any CPU
		{B2325F13-C217-4D96-846C-3FF857DA6128}.Release|Any CPU.ActiveCfg = Release|Any CPU
		{B2325F13-C217-4D96-846C-3FF857DA6128}.Release|Any CPU.Build.0 = Release|Any CPU
		{B2325F13-C217-4D96-846C-3FF857DA6128}.Release|Mixed Platforms.ActiveCfg = Release|Any CPU
		{B2325F13-C217-4D96-846C-3FF857DA6128}.Release|Mixed Platforms.Build.0 = Release|Any CPU
		{B2325F13-C217-4D96-846C-3FF857DA6128}.Release|x86.ActiveCfg = Release|Any CPU
		{76D4B1A1-14FF-4265-8351-06DFD98F2DC3}.Debug|Any CPU.ActiveCfg = Debug|Any CPU
		{76D4B1A1-14FF-4265-8351-06DFD98F2DC3}.Debug|Any CPU.Build.0 = Debug|Any CPU
		{76D4B1A1-14FF-4265-8351-06DFD98F2DC3}.Debug|Mixed Platforms.ActiveCfg = Debug|Any CPU
		{76D4B1A1-14FF-4265-8351-06DFD98F2DC3}.Debug|Mixed Platforms.Build.0 = Debug|Any CPU
		{76D4B1A1-14FF-4265-8351-06DFD98F2DC3}.Debug|x86.ActiveCfg = Debug|Any CPU
		{76D4B1A1-14FF-4265-8351-06DFD98F2DC3}.Release|Any CPU.ActiveCfg = Release|Any CPU
		{76D4B1A1-14FF-4265-8351-06DFD98F2DC3}.Release|Any CPU.Build.0 = Release|Any CPU
		{76D4B1A1-14FF-4265-8351-06DFD98F2DC3}.Release|Mixed Platforms.ActiveCfg = Release|Any CPU
		{76D4B1A1-14FF-4265-8351-06DFD98F2DC3}.Release|Mixed Platforms.Build.0 = Release|Any CPU
		{76D4B1A1-14FF-4265-8351-06DFD98F2DC3}.Release|x86.ActiveCfg = Release|Any CPU
		{259F46EC-78EA-45E2-AD08-C5349385DFD1}.Debug|Any CPU.ActiveCfg = Debug|Any CPU
		{259F46EC-78EA-45E2-AD08-C5349385DFD1}.Debug|Any CPU.Build.0 = Debug|Any CPU
		{259F46EC-78EA-45E2-AD08-C5349385DFD1}.Debug|Mixed Platforms.ActiveCfg = Debug|Any CPU
		{259F46EC-78EA-45E2-AD08-C5349385DFD1}.Debug|Mixed Platforms.Build.0 = Debug|Any CPU
		{259F46EC-78EA-45E2-AD08-C5349385DFD1}.Debug|x86.ActiveCfg = Debug|Any CPU
		{259F46EC-78EA-45E2-AD08-C5349385DFD1}.Release|Any CPU.ActiveCfg = Release|Any CPU
		{259F46EC-78EA-45E2-AD08-C5349385DFD1}.Release|Any CPU.Build.0 = Release|Any CPU
		{259F46EC-78EA-45E2-AD08-C5349385DFD1}.Release|Mixed Platforms.ActiveCfg = Release|Any CPU
		{259F46EC-78EA-45E2-AD08-C5349385DFD1}.Release|Mixed Platforms.Build.0 = Release|Any CPU
		{259F46EC-78EA-45E2-AD08-C5349385DFD1}.Release|x86.ActiveCfg = Release|Any CPU
		{2B684DEF-88CF-45E9-A80A-E3DF8127171D}.Debug|Any CPU.ActiveCfg = Debug|Any CPU
		{2B684DEF-88CF-45E9-A80A-E3DF8127171D}.Debug|Any CPU.Build.0 = Debug|Any CPU
		{2B684DEF-88CF-45E9-A80A-E3DF8127171D}.Debug|Mixed Platforms.ActiveCfg = Debug|Any CPU
		{2B684DEF-88CF-45E9-A80A-E3DF8127171D}.Debug|Mixed Platforms.Build.0 = Debug|Any CPU
		{2B684DEF-88CF-45E9-A80A-E3DF8127171D}.Debug|x86.ActiveCfg = Debug|Any CPU
		{2B684DEF-88CF-45E9-A80A-E3DF8127171D}.Release|Any CPU.ActiveCfg = Release|Any CPU
		{2B684DEF-88CF-45E9-A80A-E3DF8127171D}.Release|Any CPU.Build.0 = Release|Any CPU
		{2B684DEF-88CF-45E9-A80A-E3DF8127171D}.Release|Mixed Platforms.ActiveCfg = Release|Any CPU
		{2B684DEF-88CF-45E9-A80A-E3DF8127171D}.Release|Mixed Platforms.Build.0 = Release|Any CPU
		{2B684DEF-88CF-45E9-A80A-E3DF8127171D}.Release|x86.ActiveCfg = Release|Any CPU
		{CC42C4D5-3158-4E1C-9FC8-8138DBE52D8F}.Debug|Any CPU.ActiveCfg = Debug|Any CPU
		{CC42C4D5-3158-4E1C-9FC8-8138DBE52D8F}.Debug|Any CPU.Build.0 = Debug|Any CPU
		{CC42C4D5-3158-4E1C-9FC8-8138DBE52D8F}.Debug|Mixed Platforms.ActiveCfg = Debug|Any CPU
		{CC42C4D5-3158-4E1C-9FC8-8138DBE52D8F}.Debug|Mixed Platforms.Build.0 = Debug|Any CPU
		{CC42C4D5-3158-4E1C-9FC8-8138DBE52D8F}.Debug|x86.ActiveCfg = Debug|Any CPU
		{CC42C4D5-3158-4E1C-9FC8-8138DBE52D8F}.Release|Any CPU.ActiveCfg = Release|Any CPU
		{CC42C4D5-3158-4E1C-9FC8-8138DBE52D8F}.Release|Any CPU.Build.0 = Release|Any CPU
		{CC42C4D5-3158-4E1C-9FC8-8138DBE52D8F}.Release|Mixed Platforms.ActiveCfg = Release|Any CPU
		{CC42C4D5-3158-4E1C-9FC8-8138DBE52D8F}.Release|Mixed Platforms.Build.0 = Release|Any CPU
		{CC42C4D5-3158-4E1C-9FC8-8138DBE52D8F}.Release|x86.ActiveCfg = Release|Any CPU
		{D528B63E-EE1A-4297-BE78-90D38F6CE0C2}.Debug|Any CPU.ActiveCfg = Debug|Any CPU
		{D528B63E-EE1A-4297-BE78-90D38F6CE0C2}.Debug|Any CPU.Build.0 = Debug|Any CPU
		{D528B63E-EE1A-4297-BE78-90D38F6CE0C2}.Debug|Mixed Platforms.ActiveCfg = Debug|Any CPU
		{D528B63E-EE1A-4297-BE78-90D38F6CE0C2}.Debug|Mixed Platforms.Build.0 = Debug|Any CPU
		{D528B63E-EE1A-4297-BE78-90D38F6CE0C2}.Debug|x86.ActiveCfg = Debug|Any CPU
		{D528B63E-EE1A-4297-BE78-90D38F6CE0C2}.Release|Any CPU.ActiveCfg = Release|Any CPU
		{D528B63E-EE1A-4297-BE78-90D38F6CE0C2}.Release|Any CPU.Build.0 = Release|Any CPU
		{D528B63E-EE1A-4297-BE78-90D38F6CE0C2}.Release|Mixed Platforms.ActiveCfg = Release|Any CPU
		{D528B63E-EE1A-4297-BE78-90D38F6CE0C2}.Release|Mixed Platforms.Build.0 = Release|Any CPU
		{D528B63E-EE1A-4297-BE78-90D38F6CE0C2}.Release|x86.ActiveCfg = Release|Any CPU
		{18E9D0C8-8AC6-4F86-AD43-DBDCFBFB2F26}.Debug|Any CPU.ActiveCfg = Debug|Any CPU
		{18E9D0C8-8AC6-4F86-AD43-DBDCFBFB2F26}.Debug|Any CPU.Build.0 = Debug|Any CPU
		{18E9D0C8-8AC6-4F86-AD43-DBDCFBFB2F26}.Debug|Mixed Platforms.ActiveCfg = Debug|Any CPU
		{18E9D0C8-8AC6-4F86-AD43-DBDCFBFB2F26}.Debug|Mixed Platforms.Build.0 = Debug|Any CPU
		{18E9D0C8-8AC6-4F86-AD43-DBDCFBFB2F26}.Debug|x86.ActiveCfg = Debug|Any CPU
		{18E9D0C8-8AC6-4F86-AD43-DBDCFBFB2F26}.Release|Any CPU.ActiveCfg = Release|Any CPU
		{18E9D0C8-8AC6-4F86-AD43-DBDCFBFB2F26}.Release|Any CPU.Build.0 = Release|Any CPU
		{18E9D0C8-8AC6-4F86-AD43-DBDCFBFB2F26}.Release|Mixed Platforms.ActiveCfg = Release|Any CPU
		{18E9D0C8-8AC6-4F86-AD43-DBDCFBFB2F26}.Release|Mixed Platforms.Build.0 = Release|Any CPU
		{18E9D0C8-8AC6-4F86-AD43-DBDCFBFB2F26}.Release|x86.ActiveCfg = Release|Any CPU
		{E1ED756B-6A4D-4CF3-9E8F-B191E2029C54}.Debug|Any CPU.ActiveCfg = Debug|Any CPU
		{E1ED756B-6A4D-4CF3-9E8F-B191E2029C54}.Debug|Any CPU.Build.0 = Debug|Any CPU
		{E1ED756B-6A4D-4CF3-9E8F-B191E2029C54}.Debug|Mixed Platforms.ActiveCfg = Debug|Any CPU
		{E1ED756B-6A4D-4CF3-9E8F-B191E2029C54}.Debug|Mixed Platforms.Build.0 = Debug|Any CPU
		{E1ED756B-6A4D-4CF3-9E8F-B191E2029C54}.Debug|x86.ActiveCfg = Debug|Any CPU
		{E1ED756B-6A4D-4CF3-9E8F-B191E2029C54}.Release|Any CPU.ActiveCfg = Release|Any CPU
		{E1ED756B-6A4D-4CF3-9E8F-B191E2029C54}.Release|Any CPU.Build.0 = Release|Any CPU
		{E1ED756B-6A4D-4CF3-9E8F-B191E2029C54}.Release|Mixed Platforms.ActiveCfg = Release|Any CPU
		{E1ED756B-6A4D-4CF3-9E8F-B191E2029C54}.Release|Mixed Platforms.Build.0 = Release|Any CPU
		{E1ED756B-6A4D-4CF3-9E8F-B191E2029C54}.Release|x86.ActiveCfg = Release|Any CPU
		{744054D8-2B4A-42D1-A84B-781561F575EB}.Debug|Any CPU.ActiveCfg = Debug|Any CPU
		{744054D8-2B4A-42D1-A84B-781561F575EB}.Debug|Any CPU.Build.0 = Debug|Any CPU
		{744054D8-2B4A-42D1-A84B-781561F575EB}.Debug|Mixed Platforms.ActiveCfg = Debug|Any CPU
		{744054D8-2B4A-42D1-A84B-781561F575EB}.Debug|Mixed Platforms.Build.0 = Debug|Any CPU
		{744054D8-2B4A-42D1-A84B-781561F575EB}.Debug|x86.ActiveCfg = Debug|Any CPU
		{744054D8-2B4A-42D1-A84B-781561F575EB}.Release|Any CPU.ActiveCfg = Release|Any CPU
		{744054D8-2B4A-42D1-A84B-781561F575EB}.Release|Any CPU.Build.0 = Release|Any CPU
		{744054D8-2B4A-42D1-A84B-781561F575EB}.Release|Mixed Platforms.ActiveCfg = Release|Any CPU
		{744054D8-2B4A-42D1-A84B-781561F575EB}.Release|Mixed Platforms.Build.0 = Release|Any CPU
		{744054D8-2B4A-42D1-A84B-781561F575EB}.Release|x86.ActiveCfg = Release|Any CPU
		{0FF2B905-EBFC-47D8-BEDA-6961C9438114}.Debug|Any CPU.ActiveCfg = Debug|Any CPU
		{0FF2B905-EBFC-47D8-BEDA-6961C9438114}.Debug|Any CPU.Build.0 = Debug|Any CPU
		{0FF2B905-EBFC-47D8-BEDA-6961C9438114}.Debug|Mixed Platforms.ActiveCfg = Debug|Any CPU
		{0FF2B905-EBFC-47D8-BEDA-6961C9438114}.Debug|Mixed Platforms.Build.0 = Debug|Any CPU
		{0FF2B905-EBFC-47D8-BEDA-6961C9438114}.Debug|x86.ActiveCfg = Debug|Any CPU
		{0FF2B905-EBFC-47D8-BEDA-6961C9438114}.Release|Any CPU.ActiveCfg = Release|Any CPU
		{0FF2B905-EBFC-47D8-BEDA-6961C9438114}.Release|Any CPU.Build.0 = Release|Any CPU
		{0FF2B905-EBFC-47D8-BEDA-6961C9438114}.Release|Mixed Platforms.ActiveCfg = Release|Any CPU
		{0FF2B905-EBFC-47D8-BEDA-6961C9438114}.Release|Mixed Platforms.Build.0 = Release|Any CPU
		{0FF2B905-EBFC-47D8-BEDA-6961C9438114}.Release|x86.ActiveCfg = Release|Any CPU
		{D02922AD-4064-4B13-8B81-073079788FEA}.Debug|Any CPU.ActiveCfg = Debug|Any CPU
		{D02922AD-4064-4B13-8B81-073079788FEA}.Debug|Any CPU.Build.0 = Debug|Any CPU
		{D02922AD-4064-4B13-8B81-073079788FEA}.Debug|Mixed Platforms.ActiveCfg = Debug|Any CPU
		{D02922AD-4064-4B13-8B81-073079788FEA}.Debug|Mixed Platforms.Build.0 = Debug|Any CPU
		{D02922AD-4064-4B13-8B81-073079788FEA}.Debug|x86.ActiveCfg = Debug|Any CPU
		{D02922AD-4064-4B13-8B81-073079788FEA}.Release|Any CPU.ActiveCfg = Release|Any CPU
		{D02922AD-4064-4B13-8B81-073079788FEA}.Release|Any CPU.Build.0 = Release|Any CPU
		{D02922AD-4064-4B13-8B81-073079788FEA}.Release|Mixed Platforms.ActiveCfg = Release|Any CPU
		{D02922AD-4064-4B13-8B81-073079788FEA}.Release|Mixed Platforms.Build.0 = Release|Any CPU
		{D02922AD-4064-4B13-8B81-073079788FEA}.Release|x86.ActiveCfg = Release|Any CPU
		{7294F8A2-5ABF-40A5-BE22-4E6ACCEE9394}.Debug|Any CPU.ActiveCfg = Debug|Any CPU
		{7294F8A2-5ABF-40A5-BE22-4E6ACCEE9394}.Debug|Any CPU.Build.0 = Debug|Any CPU
		{7294F8A2-5ABF-40A5-BE22-4E6ACCEE9394}.Debug|Mixed Platforms.ActiveCfg = Debug|Any CPU
		{7294F8A2-5ABF-40A5-BE22-4E6ACCEE9394}.Debug|Mixed Platforms.Build.0 = Debug|Any CPU
		{7294F8A2-5ABF-40A5-BE22-4E6ACCEE9394}.Debug|x86.ActiveCfg = Debug|Any CPU
		{7294F8A2-5ABF-40A5-BE22-4E6ACCEE9394}.Release|Any CPU.ActiveCfg = Release|Any CPU
		{7294F8A2-5ABF-40A5-BE22-4E6ACCEE9394}.Release|Any CPU.Build.0 = Release|Any CPU
		{7294F8A2-5ABF-40A5-BE22-4E6ACCEE9394}.Release|Mixed Platforms.ActiveCfg = Release|Any CPU
		{7294F8A2-5ABF-40A5-BE22-4E6ACCEE9394}.Release|Mixed Platforms.Build.0 = Release|Any CPU
		{7294F8A2-5ABF-40A5-BE22-4E6ACCEE9394}.Release|x86.ActiveCfg = Release|Any CPU
		{08D0AD01-4137-49E2-8B28-3B466A142C8A}.Debug|Any CPU.ActiveCfg = Debug|Any CPU
		{08D0AD01-4137-49E2-8B28-3B466A142C8A}.Debug|Any CPU.Build.0 = Debug|Any CPU
		{08D0AD01-4137-49E2-8B28-3B466A142C8A}.Debug|Mixed Platforms.ActiveCfg = Debug|Any CPU
		{08D0AD01-4137-49E2-8B28-3B466A142C8A}.Debug|Mixed Platforms.Build.0 = Debug|Any CPU
		{08D0AD01-4137-49E2-8B28-3B466A142C8A}.Debug|x86.ActiveCfg = Debug|Any CPU
		{08D0AD01-4137-49E2-8B28-3B466A142C8A}.Release|Any CPU.ActiveCfg = Release|Any CPU
		{08D0AD01-4137-49E2-8B28-3B466A142C8A}.Release|Any CPU.Build.0 = Release|Any CPU
		{08D0AD01-4137-49E2-8B28-3B466A142C8A}.Release|Mixed Platforms.ActiveCfg = Release|Any CPU
		{08D0AD01-4137-49E2-8B28-3B466A142C8A}.Release|Mixed Platforms.Build.0 = Release|Any CPU
		{08D0AD01-4137-49E2-8B28-3B466A142C8A}.Release|x86.ActiveCfg = Release|Any CPU
		{A5C02DC8-7FBD-4653-AD40-D540F2B05220}.Debug|Any CPU.ActiveCfg = Debug|Any CPU
		{A5C02DC8-7FBD-4653-AD40-D540F2B05220}.Debug|Any CPU.Build.0 = Debug|Any CPU
		{A5C02DC8-7FBD-4653-AD40-D540F2B05220}.Debug|Mixed Platforms.ActiveCfg = Debug|Any CPU
		{A5C02DC8-7FBD-4653-AD40-D540F2B05220}.Debug|Mixed Platforms.Build.0 = Debug|Any CPU
		{A5C02DC8-7FBD-4653-AD40-D540F2B05220}.Debug|x86.ActiveCfg = Debug|Any CPU
		{A5C02DC8-7FBD-4653-AD40-D540F2B05220}.Release|Any CPU.ActiveCfg = Release|Any CPU
		{A5C02DC8-7FBD-4653-AD40-D540F2B05220}.Release|Any CPU.Build.0 = Release|Any CPU
		{A5C02DC8-7FBD-4653-AD40-D540F2B05220}.Release|Mixed Platforms.ActiveCfg = Release|Any CPU
		{A5C02DC8-7FBD-4653-AD40-D540F2B05220}.Release|Mixed Platforms.Build.0 = Release|Any CPU
		{A5C02DC8-7FBD-4653-AD40-D540F2B05220}.Release|x86.ActiveCfg = Release|Any CPU
		{E20D7FF6-2358-4B25-8D45-F523E0C6B816}.Debug|Any CPU.ActiveCfg = Debug|Any CPU
		{E20D7FF6-2358-4B25-8D45-F523E0C6B816}.Debug|Any CPU.Build.0 = Debug|Any CPU
		{E20D7FF6-2358-4B25-8D45-F523E0C6B816}.Debug|Mixed Platforms.ActiveCfg = Debug|Any CPU
		{E20D7FF6-2358-4B25-8D45-F523E0C6B816}.Debug|Mixed Platforms.Build.0 = Debug|Any CPU
		{E20D7FF6-2358-4B25-8D45-F523E0C6B816}.Debug|x86.ActiveCfg = Debug|Any CPU
		{E20D7FF6-2358-4B25-8D45-F523E0C6B816}.Release|Any CPU.ActiveCfg = Release|Any CPU
		{E20D7FF6-2358-4B25-8D45-F523E0C6B816}.Release|Any CPU.Build.0 = Release|Any CPU
		{E20D7FF6-2358-4B25-8D45-F523E0C6B816}.Release|Mixed Platforms.ActiveCfg = Release|Any CPU
		{E20D7FF6-2358-4B25-8D45-F523E0C6B816}.Release|Mixed Platforms.Build.0 = Release|Any CPU
		{E20D7FF6-2358-4B25-8D45-F523E0C6B816}.Release|x86.ActiveCfg = Release|Any CPU
		{9B137745-492B-46DF-A525-3CA83D64AA96}.Debug|Any CPU.ActiveCfg = Debug|Any CPU
		{9B137745-492B-46DF-A525-3CA83D64AA96}.Debug|Any CPU.Build.0 = Debug|Any CPU
		{9B137745-492B-46DF-A525-3CA83D64AA96}.Debug|Mixed Platforms.ActiveCfg = Debug|Any CPU
		{9B137745-492B-46DF-A525-3CA83D64AA96}.Debug|Mixed Platforms.Build.0 = Debug|Any CPU
		{9B137745-492B-46DF-A525-3CA83D64AA96}.Debug|x86.ActiveCfg = Debug|Any CPU
		{9B137745-492B-46DF-A525-3CA83D64AA96}.Release|Any CPU.ActiveCfg = Release|Any CPU
		{9B137745-492B-46DF-A525-3CA83D64AA96}.Release|Any CPU.Build.0 = Release|Any CPU
		{9B137745-492B-46DF-A525-3CA83D64AA96}.Release|Mixed Platforms.ActiveCfg = Release|Any CPU
		{9B137745-492B-46DF-A525-3CA83D64AA96}.Release|Mixed Platforms.Build.0 = Release|Any CPU
		{9B137745-492B-46DF-A525-3CA83D64AA96}.Release|x86.ActiveCfg = Release|Any CPU
		{DE8396EE-7264-4E0C-A4F6-F65A5E7C1D9F}.Debug|Any CPU.ActiveCfg = Debug|Any CPU
		{DE8396EE-7264-4E0C-A4F6-F65A5E7C1D9F}.Debug|Any CPU.Build.0 = Debug|Any CPU
		{DE8396EE-7264-4E0C-A4F6-F65A5E7C1D9F}.Debug|Mixed Platforms.ActiveCfg = Debug|Any CPU
		{DE8396EE-7264-4E0C-A4F6-F65A5E7C1D9F}.Debug|Mixed Platforms.Build.0 = Debug|Any CPU
		{DE8396EE-7264-4E0C-A4F6-F65A5E7C1D9F}.Debug|x86.ActiveCfg = Debug|Any CPU
		{DE8396EE-7264-4E0C-A4F6-F65A5E7C1D9F}.Release|Any CPU.ActiveCfg = Release|Any CPU
		{DE8396EE-7264-4E0C-A4F6-F65A5E7C1D9F}.Release|Any CPU.Build.0 = Release|Any CPU
		{DE8396EE-7264-4E0C-A4F6-F65A5E7C1D9F}.Release|Mixed Platforms.ActiveCfg = Release|Any CPU
		{DE8396EE-7264-4E0C-A4F6-F65A5E7C1D9F}.Release|Mixed Platforms.Build.0 = Release|Any CPU
		{DE8396EE-7264-4E0C-A4F6-F65A5E7C1D9F}.Release|x86.ActiveCfg = Release|Any CPU
		{E6A0DED8-7C22-4FB0-BDC9-AD93E24EE76C}.Debug|Any CPU.ActiveCfg = Debug|Any CPU
		{E6A0DED8-7C22-4FB0-BDC9-AD93E24EE76C}.Debug|Any CPU.Build.0 = Debug|Any CPU
		{E6A0DED8-7C22-4FB0-BDC9-AD93E24EE76C}.Debug|Mixed Platforms.ActiveCfg = Debug|Any CPU
		{E6A0DED8-7C22-4FB0-BDC9-AD93E24EE76C}.Debug|Mixed Platforms.Build.0 = Debug|Any CPU
		{E6A0DED8-7C22-4FB0-BDC9-AD93E24EE76C}.Debug|x86.ActiveCfg = Debug|Any CPU
		{E6A0DED8-7C22-4FB0-BDC9-AD93E24EE76C}.Release|Any CPU.ActiveCfg = Release|Any CPU
		{E6A0DED8-7C22-4FB0-BDC9-AD93E24EE76C}.Release|Any CPU.Build.0 = Release|Any CPU
		{E6A0DED8-7C22-4FB0-BDC9-AD93E24EE76C}.Release|Mixed Platforms.ActiveCfg = Release|Any CPU
		{E6A0DED8-7C22-4FB0-BDC9-AD93E24EE76C}.Release|Mixed Platforms.Build.0 = Release|Any CPU
		{E6A0DED8-7C22-4FB0-BDC9-AD93E24EE76C}.Release|x86.ActiveCfg = Release|Any CPU
		{046BA60E-E22F-48AA-AB52-5D8AA7F0A6C4}.Debug|Any CPU.ActiveCfg = Debug|Any CPU
		{046BA60E-E22F-48AA-AB52-5D8AA7F0A6C4}.Debug|Any CPU.Build.0 = Debug|Any CPU
		{046BA60E-E22F-48AA-AB52-5D8AA7F0A6C4}.Debug|Mixed Platforms.ActiveCfg = Debug|Any CPU
		{046BA60E-E22F-48AA-AB52-5D8AA7F0A6C4}.Debug|Mixed Platforms.Build.0 = Debug|Any CPU
		{046BA60E-E22F-48AA-AB52-5D8AA7F0A6C4}.Debug|x86.ActiveCfg = Debug|Any CPU
		{046BA60E-E22F-48AA-AB52-5D8AA7F0A6C4}.Release|Any CPU.ActiveCfg = Release|Any CPU
		{046BA60E-E22F-48AA-AB52-5D8AA7F0A6C4}.Release|Any CPU.Build.0 = Release|Any CPU
		{046BA60E-E22F-48AA-AB52-5D8AA7F0A6C4}.Release|Mixed Platforms.ActiveCfg = Release|Any CPU
		{046BA60E-E22F-48AA-AB52-5D8AA7F0A6C4}.Release|Mixed Platforms.Build.0 = Release|Any CPU
		{046BA60E-E22F-48AA-AB52-5D8AA7F0A6C4}.Release|x86.ActiveCfg = Release|Any CPU
		{7D7FD386-E5C4-4264-853E-3C484BEFCDA6}.Debug|Any CPU.ActiveCfg = Debug|Any CPU
		{7D7FD386-E5C4-4264-853E-3C484BEFCDA6}.Debug|Any CPU.Build.0 = Debug|Any CPU
		{7D7FD386-E5C4-4264-853E-3C484BEFCDA6}.Debug|Mixed Platforms.ActiveCfg = Debug|Any CPU
		{7D7FD386-E5C4-4264-853E-3C484BEFCDA6}.Debug|Mixed Platforms.Build.0 = Debug|Any CPU
		{7D7FD386-E5C4-4264-853E-3C484BEFCDA6}.Debug|x86.ActiveCfg = Debug|Any CPU
		{7D7FD386-E5C4-4264-853E-3C484BEFCDA6}.Release|Any CPU.ActiveCfg = Release|Any CPU
		{7D7FD386-E5C4-4264-853E-3C484BEFCDA6}.Release|Any CPU.Build.0 = Release|Any CPU
		{7D7FD386-E5C4-4264-853E-3C484BEFCDA6}.Release|Mixed Platforms.ActiveCfg = Release|Any CPU
		{7D7FD386-E5C4-4264-853E-3C484BEFCDA6}.Release|Mixed Platforms.Build.0 = Release|Any CPU
		{7D7FD386-E5C4-4264-853E-3C484BEFCDA6}.Release|x86.ActiveCfg = Release|Any CPU
		{822E86FA-1BB4-4860-A97C-413DB4773A8B}.Debug|Any CPU.ActiveCfg = Debug|x86
		{822E86FA-1BB4-4860-A97C-413DB4773A8B}.Debug|Mixed Platforms.ActiveCfg = Debug|x86
		{822E86FA-1BB4-4860-A97C-413DB4773A8B}.Debug|Mixed Platforms.Build.0 = Debug|x86
		{822E86FA-1BB4-4860-A97C-413DB4773A8B}.Debug|x86.ActiveCfg = Debug|x86
		{822E86FA-1BB4-4860-A97C-413DB4773A8B}.Debug|x86.Build.0 = Debug|x86
		{822E86FA-1BB4-4860-A97C-413DB4773A8B}.Release|Any CPU.ActiveCfg = Release|x86
		{822E86FA-1BB4-4860-A97C-413DB4773A8B}.Release|Mixed Platforms.ActiveCfg = Release|x86
		{822E86FA-1BB4-4860-A97C-413DB4773A8B}.Release|Mixed Platforms.Build.0 = Release|x86
		{822E86FA-1BB4-4860-A97C-413DB4773A8B}.Release|x86.ActiveCfg = Release|x86
		{822E86FA-1BB4-4860-A97C-413DB4773A8B}.Release|x86.Build.0 = Release|x86
		{C3620101-64FF-4D96-81F4-E886FB2D80DD}.Debug|Any CPU.ActiveCfg = Debug|Any CPU
		{C3620101-64FF-4D96-81F4-E886FB2D80DD}.Debug|Any CPU.Build.0 = Debug|Any CPU
		{C3620101-64FF-4D96-81F4-E886FB2D80DD}.Debug|Mixed Platforms.ActiveCfg = Debug|Any CPU
		{C3620101-64FF-4D96-81F4-E886FB2D80DD}.Debug|Mixed Platforms.Build.0 = Debug|Any CPU
		{C3620101-64FF-4D96-81F4-E886FB2D80DD}.Debug|x86.ActiveCfg = Debug|Any CPU
		{C3620101-64FF-4D96-81F4-E886FB2D80DD}.Release|Any CPU.ActiveCfg = Release|Any CPU
		{C3620101-64FF-4D96-81F4-E886FB2D80DD}.Release|Any CPU.Build.0 = Release|Any CPU
		{C3620101-64FF-4D96-81F4-E886FB2D80DD}.Release|Mixed Platforms.ActiveCfg = Release|Any CPU
		{C3620101-64FF-4D96-81F4-E886FB2D80DD}.Release|Mixed Platforms.Build.0 = Release|Any CPU
		{C3620101-64FF-4D96-81F4-E886FB2D80DD}.Release|x86.ActiveCfg = Release|Any CPU
		{0E19F354-14CB-493E-9CF3-3195237ACCAD}.Debug|Any CPU.ActiveCfg = Debug|x86
		{0E19F354-14CB-493E-9CF3-3195237ACCAD}.Debug|Mixed Platforms.ActiveCfg = Debug|x86
		{0E19F354-14CB-493E-9CF3-3195237ACCAD}.Debug|Mixed Platforms.Build.0 = Debug|x86
		{0E19F354-14CB-493E-9CF3-3195237ACCAD}.Debug|x86.ActiveCfg = Debug|x86
		{0E19F354-14CB-493E-9CF3-3195237ACCAD}.Debug|x86.Build.0 = Debug|x86
		{0E19F354-14CB-493E-9CF3-3195237ACCAD}.Release|Any CPU.ActiveCfg = Release|x86
		{0E19F354-14CB-493E-9CF3-3195237ACCAD}.Release|Mixed Platforms.ActiveCfg = Release|x86
		{0E19F354-14CB-493E-9CF3-3195237ACCAD}.Release|Mixed Platforms.Build.0 = Release|x86
		{0E19F354-14CB-493E-9CF3-3195237ACCAD}.Release|x86.ActiveCfg = Release|x86
		{0E19F354-14CB-493E-9CF3-3195237ACCAD}.Release|x86.Build.0 = Release|x86
		{B26CE348-CB62-4DA1-949D-EDA4526F892D}.Debug|Any CPU.ActiveCfg = Debug|Any CPU
		{B26CE348-CB62-4DA1-949D-EDA4526F892D}.Debug|Any CPU.Build.0 = Debug|Any CPU
		{B26CE348-CB62-4DA1-949D-EDA4526F892D}.Debug|Mixed Platforms.ActiveCfg = Debug|Any CPU
		{B26CE348-CB62-4DA1-949D-EDA4526F892D}.Debug|Mixed Platforms.Build.0 = Debug|Any CPU
		{B26CE348-CB62-4DA1-949D-EDA4526F892D}.Debug|x86.ActiveCfg = Debug|Any CPU
		{B26CE348-CB62-4DA1-949D-EDA4526F892D}.Release|Any CPU.ActiveCfg = Release|Any CPU
		{B26CE348-CB62-4DA1-949D-EDA4526F892D}.Release|Any CPU.Build.0 = Release|Any CPU
		{B26CE348-CB62-4DA1-949D-EDA4526F892D}.Release|Mixed Platforms.ActiveCfg = Release|Any CPU
		{B26CE348-CB62-4DA1-949D-EDA4526F892D}.Release|Mixed Platforms.Build.0 = Release|Any CPU
		{B26CE348-CB62-4DA1-949D-EDA4526F892D}.Release|x86.ActiveCfg = Release|Any CPU
	EndGlobalSection
	GlobalSection(SolutionProperties) = preSolution
		HideSolutionNode = FALSE
	EndGlobalSection
EndGlobal
